
Microsoft Visual Studio Solution File, Format Version 12.00
# Visual Studio Version 17
VisualStudioVersion = 17.4.33110.190
MinimumVisualStudioVersion = 10.0.40219.1
Project("{9A19103F-16F7-4668-BE54-9A1E7A4F7556}") = "Mini Project", "Mini Project\Mini Project.csproj", "{CDCC89BD-1C3B-41E6-95FD-9F64F61517DA}"
EndProject
Project("{FAE04EC0-301F-11D3-BF4B-00C04F79EFBC}") = "SorterTests", "SorterTests\SorterTests.csproj", "{FE35D6B9-95BF-480B-B90A-505C83F8DF3C}"
EndProject
Global
	GlobalSection(SolutionConfigurationPlatforms) = preSolution
		Debug|Any CPU = Debug|Any CPU
		Release|Any CPU = Release|Any CPU
	EndGlobalSection
	GlobalSection(ProjectConfigurationPlatforms) = postSolution
		{CDCC89BD-1C3B-41E6-95FD-9F64F61517DA}.Debug|Any CPU.ActiveCfg = Debug|Any CPU
		{CDCC89BD-1C3B-41E6-95FD-9F64F61517DA}.Debug|Any CPU.Build.0 = Debug|Any CPU
		{CDCC89BD-1C3B-41E6-95FD-9F64F61517DA}.Release|Any CPU.ActiveCfg = Release|Any CPU
		{CDCC89BD-1C3B-41E6-95FD-9F64F61517DA}.Release|Any CPU.Build.0 = Release|Any CPU
		{FE35D6B9-95BF-480B-B90A-505C83F8DF3C}.Debug|Any CPU.ActiveCfg = Debug|Any CPU
		{FE35D6B9-95BF-480B-B90A-505C83F8DF3C}.Debug|Any CPU.Build.0 = Debug|Any CPU
		{FE35D6B9-95BF-480B-B90A-505C83F8DF3C}.Release|Any CPU.ActiveCfg = Release|Any CPU
		{FE35D6B9-95BF-480B-B90A-505C83F8DF3C}.Release|Any CPU.Build.0 = Release|Any CPU
	EndGlobalSection
	GlobalSection(SolutionProperties) = preSolution
		HideSolutionNode = FALSE
	EndGlobalSection
	GlobalSection(ExtensibilityGlobals) = postSolution
		SolutionGuid = {FFDB3518-F6C1-45D3-844C-399A427CD76B}
	EndGlobalSection
EndGlobal
